
Microsoft Visual Studio Solution File, Format Version 12.00
# Visual Studio Version 16
VisualStudioVersion = 16.0.32413.511
MinimumVisualStudioVersion = 10.0.40219.1
Project("{FAE04EC0-301F-11D3-BF4B-00C04F79EFBC}") = "TrackerLibrary", "TrackerLibrary\TrackerLibrary.csproj", "{F72B0517-2089-4911-8D30-B65B9AE86B6C}"
EndProject
Project("{FAE04EC0-301F-11D3-BF4B-00C04F79EFBC}") = "TrackerUI", "TrackerUI\TrackerUI.csproj", "{A1942923-2220-4B05-9DD3-6C8F7FE62B62}"
EndProject
Global
	GlobalSection(SolutionConfigurationPlatforms) = preSolution
		Debug|Any CPU = Debug|Any CPU
		Release|Any CPU = Release|Any CPU
	EndGlobalSection
	GlobalSection(ProjectConfigurationPlatforms) = postSolution
		{F72B0517-2089-4911-8D30-B65B9AE86B6C}.Debug|Any CPU.ActiveCfg = Debug|Any CPU
		{F72B0517-2089-4911-8D30-B65B9AE86B6C}.Debug|Any CPU.Build.0 = Debug|Any CPU
		{F72B0517-2089-4911-8D30-B65B9AE86B6C}.Release|Any CPU.ActiveCfg = Release|Any CPU
		{F72B0517-2089-4911-8D30-B65B9AE86B6C}.Release|Any CPU.Build.0 = Release|Any CPU
		{A1942923-2220-4B05-9DD3-6C8F7FE62B62}.Debug|Any CPU.ActiveCfg = Debug|Any CPU
		{A1942923-2220-4B05-9DD3-6C8F7FE62B62}.Debug|Any CPU.Build.0 = Debug|Any CPU
		{A1942923-2220-4B05-9DD3-6C8F7FE62B62}.Release|Any CPU.ActiveCfg = Release|Any CPU
		{A1942923-2220-4B05-9DD3-6C8F7FE62B62}.Release|Any CPU.Build.0 = Release|Any CPU
	EndGlobalSection
	GlobalSection(SolutionProperties) = preSolution
		HideSolutionNode = FALSE
	EndGlobalSection
	GlobalSection(ExtensibilityGlobals) = postSolution
		SolutionGuid = {607513AC-7492-4136-9251-6229582DDC85}
	EndGlobalSection
EndGlobal
